
Microsoft Visual Studio Solution File, Format Version 12.00
# Visual Studio Version 17
VisualStudioVersion = 17.8.34511.84
MinimumVisualStudioVersion = 10.0.40219.1
Project("{FAE04EC0-301F-11D3-BF4B-00C04F79EFBC}") = "WebApplication1", "WebApplication1.csproj", "{BC78D25D-AC46-4B04-AD02-608E70777004}"
EndProject
Global
	GlobalSection(SolutionConfigurationPlatforms) = preSolution
		Debug|Any CPU = Debug|Any CPU
		Release|Any CPU = Release|Any CPU
	EndGlobalSection
	GlobalSection(ProjectConfigurationPlatforms) = postSolution
		{BC78D25D-AC46-4B04-AD02-608E70777004}.Debug|Any CPU.ActiveCfg = Debug|Any CPU
		{BC78D25D-AC46-4B04-AD02-608E70777004}.Debug|Any CPU.Build.0 = Debug|Any CPU
		{BC78D25D-AC46-4B04-AD02-608E70777004}.Release|Any CPU.ActiveCfg = Release|Any CPU
		{BC78D25D-AC46-4B04-AD02-608E70777004}.Release|Any CPU.Build.0 = Release|Any CPU
	EndGlobalSection
	GlobalSection(SolutionProperties) = preSolution
		HideSolutionNode = FALSE
	EndGlobalSection
	GlobalSection(ExtensibilityGlobals) = postSolution
		SolutionGuid = {437C9EDF-A568-40CB-8F80-37D535565B33}
	EndGlobalSection
EndGlobal
